Microsoft Visual Studio Solution File, Format Version 12.00
# Visual Studio 2012
Project("{FAE04EC0-301F-11D3-BF4B-00C04F79EFBC}") = "HoppyDays", "HoppyDays.csproj", "{D9BBCD57-7833-4644-B090-6788E8BDFA70}"
EndProject
Global
	GlobalSection(SolutionConfigurationPlatforms) = preSolution
	Debug|Any CPU = Debug|Any CPU
	ExportDebug|Any CPU = ExportDebug|Any CPU
	ExportRelease|Any CPU = ExportRelease|Any CPU
	EndGlobalSection
	GlobalSection(ProjectConfigurationPlatforms) = postSolution
		{D9BBCD57-7833-4644-B090-6788E8BDFA70}.Debug|Any CPU.ActiveCfg = Debug|Any CPU
		{D9BBCD57-7833-4644-B090-6788E8BDFA70}.Debug|Any CPU.Build.0 = Debug|Any CPU
		{D9BBCD57-7833-4644-B090-6788E8BDFA70}.ExportDebug|Any CPU.ActiveCfg = ExportDebug|Any CPU
		{D9BBCD57-7833-4644-B090-6788E8BDFA70}.ExportDebug|Any CPU.Build.0 = ExportDebug|Any CPU
		{D9BBCD57-7833-4644-B090-6788E8BDFA70}.ExportRelease|Any CPU.ActiveCfg = ExportRelease|Any CPU
		{D9BBCD57-7833-4644-B090-6788E8BDFA70}.ExportRelease|Any CPU.Build.0 = ExportRelease|Any CPU
	EndGlobalSection
EndGlobal
